// !$*UTF8*$!
{
	archiveVersion = 1;
	classes = {
	};
	objectVersion = 56;
	objects = {

/* Begin PBXBuildFile section */
		F3D0B1562A825AEE00367E5C /* AppDelegate.swift in Sources */ = {isa = PBXBuildFile; fileRef = F3D0B1552A825AEE00367E5C /* AppDelegate.swift */; };
		F3D0B1582A825AEE00367E5C /* SceneDelegate.swift in Sources */ = {isa = PBXBuildFile; fileRef = F3D0B1572A825AEE00367E5C /* SceneDelegate.swift */; };
		F3D0B15A2A825AEE00367E5C /* ViewController.swift in Sources */ = {isa = PBXBuildFile; fileRef = F3D0B1592A825AEE00367E5C /* ViewController.swift */; };
		F3D0B15D2A825AEE00367E5C /* Main.storyboard in Resources */ = {isa = PBXBuildFile; fileRef = F3D0B15B2A825AEE00367E5C /* Main.storyboard */; };
		F3D0B15F2A825AF000367E5C /* Assets.xcassets in Resources */ = {isa = PBXBuildFile; fileRef = F3D0B15E2A825AF000367E5C /* Assets.xcassets */; };
		F3D0B1622A825AF000367E5C /* LaunchScreen.storyboard in Resources */ = {isa = PBXBuildFile; fileRef = F3D0B1602A825AF000367E5C /* LaunchScreen.storyboard */; };
		F3D0B16D2A825AF000367E5C /* Eval_iOS_PokemonTests.swift in Sources */ = {isa = PBXBuildFile; fileRef = F3D0B16C2A825AF000367E5C /* Eval_iOS_PokemonTests.swift */; };
		F3D0B1772A825AF000367E5C /* Eval_iOS_PokemonUITests.swift in Sources */ = {isa = PBXBuildFile; fileRef = F3D0B1762A825AF000367E5C /* Eval_iOS_PokemonUITests.swift */; };
		F3D0B1792A825AF000367E5C /* Eval_iOS_PokemonUITestsLaunchTests.swift in Sources */ = {isa = PBXBuildFile; fileRef = F3D0B1782A825AF000367E5C /* Eval_iOS_PokemonUITestsLaunchTests.swift */; };
		F3D0B18A2A825CCC00367E5C /* LandPageViewController.swift in Sources */ = {isa = PBXBuildFile; fileRef = F3D0B1892A825CCC00367E5C /* LandPageViewController.swift */; };
		F3D0B18D2A825CF300367E5C /* AuthPageViewController.swift in Sources */ = {isa = PBXBuildFile; fileRef = F3D0B18C2A825CF300367E5C /* AuthPageViewController.swift */; };
		F3D0B18F2A825D5400367E5C /* PokemonViewController.swift in Sources */ = {isa = PBXBuildFile; fileRef = F3D0B18E2A825D5400367E5C /* PokemonViewController.swift */; };
		F3D0B1912A825D6200367E5C /* PickerViewController.swift in Sources */ = {isa = PBXBuildFile; fileRef = F3D0B1902A825D6200367E5C /* PickerViewController.swift */; };
		F3D0B1932A825D6F00367E5C /* DetailViewController.swift in Sources */ = {isa = PBXBuildFile; fileRef = F3D0B1922A825D6F00367E5C /* DetailViewController.swift */; };
		F3D0B1952A825D9900367E5C /* TabBar.storyboard in Resources */ = {isa = PBXBuildFile; fileRef = F3D0B1942A825D9900367E5C /* TabBar.storyboard */; };
		F3D0B1972A825DAC00367E5C /* Pokemon.storyboard in Resources */ = {isa = PBXBuildFile; fileRef = F3D0B1962A825DAC00367E5C /* Pokemon.storyboard */; };
		F3D0B1992A825DB800367E5C /* Picker.storyboard in Resources */ = {isa = PBXBuildFile; fileRef = F3D0B1982A825DB800367E5C /* Picker.storyboard */; };
		F3D0B19C2A825DED00367E5C /* PokemonCell.swift in Sources */ = {isa = PBXBuildFile; fileRef = F3D0B19A2A825DED00367E5C /* PokemonCell.swift */; };
		F3D0B19D2A825DED00367E5C /* PokemonCell.xib in Resources */ = {isa = PBXBuildFile; fileRef = F3D0B19B2A825DED00367E5C /* PokemonCell.xib */; };
		F3D0B1A02A825E5D00367E5C /* TabBarController.swift in Sources */ = {isa = PBXBuildFile; fileRef = F3D0B19F2A825E5D00367E5C /* TabBarController.swift */; };
		F3D0B1A22A825EB400367E5C /* NavigationController.swift in Sources */ = {isa = PBXBuildFile; fileRef = F3D0B1A12A825EB400367E5C /* NavigationController.swift */; };
		F3D0B1A62A825FAF00367E5C /* UIColor.swift in Sources */ = {isa = PBXBuildFile; fileRef = F3D0B1A52A825FAF00367E5C /* UIColor.swift */; };
		F3D0B1A82A82678A00367E5C /* Struct.swift in Sources */ = {isa = PBXBuildFile; fileRef = F3D0B1A72A82678A00367E5C /* Struct.swift */; };
		F3D0B1AF2A82871E00367E5C /* Localizable.strings in Resources */ = {isa = PBXBuildFile; fileRef = F3D0B1B12A82871E00367E5C /* Localizable.strings */; };
/* End PBXBuildFile section */

/* Begin PBXContainerItemProxy section */
		F3D0B1692A825AF000367E5C /* PBXContainerItemProxy */ = {
			isa = PBXContainerItemProxy;
			containerPortal = F3D0B14A2A825AEE00367E5C /* Project object */;
			proxyType = 1;
			remoteGlobalIDString = F3D0B1512A825AEE00367E5C;
			remoteInfo = "Eval-iOS-Pokemon";
		};
		F3D0B1732A825AF000367E5C /* PBXContainerItemProxy */ = {
			isa = PBXContainerItemProxy;
			containerPortal = F3D0B14A2A825AEE00367E5C /* Project object */;
			proxyType = 1;
			remoteGlobalIDString = F3D0B1512A825AEE00367E5C;
			remoteInfo = "Eval-iOS-Pokemon";
		};
/* End PBXContainerItemProxy section */

/* Begin PBXFileReference section */
		F3D0B1522A825AEE00367E5C /* Eval-iOS-Pokemon.app */ = {isa = PBXFileReference; explicitFileType = wrapper.application; includeInIndex = 0; path = "Eval-iOS-Pokemon.app"; sourceTree = BUILT_PRODUCTS_DIR; };
		F3D0B1552A825AEE00367E5C /* AppDelegate.swift */ = {isa = PBXFileReference; lastKnownFileType = sourcecode.swift; path = AppDelegate.swift; sourceTree = "<group>"; };
		F3D0B1572A825AEE00367E5C /* SceneDelegate.swift */ = {isa = PBXFileReference; lastKnownFileType = sourcecode.swift; path = SceneDelegate.swift; sourceTree = "<group>"; };
		F3D0B1592A825AEE00367E5C /* ViewController.swift */ = {isa = PBXFileReference; lastKnownFileType = sourcecode.swift; path = ViewController.swift; sourceTree = "<group>"; };
		F3D0B15C2A825AEE00367E5C /* Base */ = {isa = PBXFileReference; lastKnownFileType = file.storyboard; name = Base; path = Base.lproj/Main.storyboard; sourceTree = "<group>"; };
		F3D0B15E2A825AF000367E5C /* Assets.xcassets */ = {isa = PBXFileReference; lastKnownFileType = folder.assetcatalog; path = Assets.xcassets; sourceTree = "<group>"; };
		F3D0B1612A825AF000367E5C /* Base */ = {isa = PBXFileReference; lastKnownFileType = file.storyboard; name = Base; path = Base.lproj/LaunchScreen.storyboard; sourceTree = "<group>"; };
		F3D0B1632A825AF000367E5C /* Info.plist */ = {isa = PBXFileReference; lastKnownFileType = text.plist.xml; path = Info.plist; sourceTree = "<group>"; };
		F3D0B1682A825AF000367E5C /* Eval-iOS-PokemonTests.xctest */ = {isa = PBXFileReference; explicitFileType = wrapper.cfbundle; includeInIndex = 0; path = "Eval-iOS-PokemonTests.xctest"; sourceTree = BUILT_PRODUCTS_DIR; };
		F3D0B16C2A825AF000367E5C /* Eval_iOS_PokemonTests.swift */ = {isa = PBXFileReference; lastKnownFileType = sourcecode.swift; path = Eval_iOS_PokemonTests.swift; sourceTree = "<group>"; };
		F3D0B1722A825AF000367E5C /* Eval-iOS-PokemonUITests.xctest */ = {isa = PBXFileReference; explicitFileType = wrapper.cfbundle; includeInIndex = 0; path = "Eval-iOS-PokemonUITests.xctest"; sourceTree = BUILT_PRODUCTS_DIR; };
		F3D0B1762A825AF000367E5C /* Eval_iOS_PokemonUITests.swift */ = {isa = PBXFileReference; lastKnownFileType = sourcecode.swift; path = Eval_iOS_PokemonUITests.swift; sourceTree = "<group>"; };
		F3D0B1782A825AF000367E5C /* Eval_iOS_PokemonUITestsLaunchTests.swift */ = {isa = PBXFileReference; lastKnownFileType = sourcecode.swift; path = Eval_iOS_PokemonUITestsLaunchTests.swift; sourceTree = "<group>"; };
		F3D0B1892A825CCC00367E5C /* LandPageViewController.swift */ = {isa = PBXFileReference; lastKnownFileType = sourcecode.swift; path = LandPageViewController.swift; sourceTree = "<group>"; };
		F3D0B18C2A825CF300367E5C /* AuthPageViewController.swift */ = {isa = PBXFileReference; lastKnownFileType = sourcecode.swift; path = AuthPageViewController.swift; sourceTree = "<group>"; };
		F3D0B18E2A825D5400367E5C /* PokemonViewController.swift */ = {isa = PBXFileReference; lastKnownFileType = sourcecode.swift; path = PokemonViewController.swift; sourceTree = "<group>"; };
		F3D0B1902A825D6200367E5C /* PickerViewController.swift */ = {isa = PBXFileReference; lastKnownFileType = sourcecode.swift; path = PickerViewController.swift; sourceTree = "<group>"; };
		F3D0B1922A825D6F00367E5C /* DetailViewController.swift */ = {isa = PBXFileReference; lastKnownFileType = sourcecode.swift; path = DetailViewController.swift; sourceTree = "<group>"; };
		F3D0B1942A825D9900367E5C /* TabBar.storyboard */ = {isa = PBXFileReference; lastKnownFileType = file.storyboard; path = TabBar.storyboard; sourceTree = "<group>"; };
		F3D0B1962A825DAC00367E5C /* Pokemon.storyboard */ = {isa = PBXFileReference; lastKnownFileType = file.storyboard; path = Pokemon.storyboard; sourceTree = "<group>"; };
		F3D0B1982A825DB800367E5C /* Picker.storyboard */ = {isa = PBXFileReference; lastKnownFileType = file.storyboard; path = Picker.storyboard; sourceTree = "<group>"; };
		F3D0B19A2A825DED00367E5C /* PokemonCell.swift */ = {isa = PBXFileReference; lastKnownFileType = sourcecode.swift; path = PokemonCell.swift; sourceTree = "<group>"; };
		F3D0B19B2A825DED00367E5C /* PokemonCell.xib */ = {isa = PBXFileReference; lastKnownFileType = file.xib; path = PokemonCell.xib; sourceTree = "<group>"; };
		F3D0B19F2A825E5D00367E5C /* TabBarController.swift */ = {isa = PBXFileReference; lastKnownFileType = sourcecode.swift; path = TabBarController.swift; sourceTree = "<group>"; };
		F3D0B1A12A825EB400367E5C /* NavigationController.swift */ = {isa = PBXFileReference; lastKnownFileType = sourcecode.swift; path = NavigationController.swift; sourceTree = "<group>"; };
		F3D0B1A52A825FAF00367E5C /* UIColor.swift */ = {isa = PBXFileReference; lastKnownFileType = sourcecode.swift; path = UIColor.swift; sourceTree = "<group>"; };
		F3D0B1A72A82678A00367E5C /* Struct.swift */ = {isa = PBXFileReference; lastKnownFileType = sourcecode.swift; path = Struct.swift; sourceTree = "<group>"; };
		F3D0B1B02A82871E00367E5C /* en */ = {isa = PBXFileReference; lastKnownFileType = text.plist.strings; name = en; path = en.lproj/Localizable.strings; sourceTree = "<group>"; };
		F3D0B1B22A82874900367E5C /* fr */ = {isa = PBXFileReference; lastKnownFileType = text.plist.strings; name = fr; path = fr.lproj/Localizable.strings; sourceTree = "<group>"; };
/* End PBXFileReference section */

/* Begin PBXFrameworksBuildPhase section */
		F3D0B14F2A825AEE00367E5C /* Frameworks */ = {
			isa = PBXFrameworksBuildPhase;
			buildActionMask = 2147483647;
			files = (
			);
			runOnlyForDeploymentPostprocessing = 0;
		};
		F3D0B1652A825AF000367E5C /* Frameworks */ = {
			isa = PBXFrameworksBuildPhase;
			buildActionMask = 2147483647;
			files = (
			);
			runOnlyForDeploymentPostprocessing = 0;
		};
		F3D0B16F2A825AF000367E5C /* Frameworks */ = {
			isa = PBXFrameworksBuildPhase;
			buildActionMask = 2147483647;
			files = (
			);
			runOnlyForDeploymentPostprocessing = 0;
		};
/* End PBXFrameworksBuildPhase section */

/* Begin PBXGroup section */
		F3D0B1492A825AEE00367E5C = {
			isa = PBXGroup;
			children = (
				F3D0B1542A825AEE00367E5C /* Eval-iOS-Pokemon */,
				F3D0B16B2A825AF000367E5C /* Eval-iOS-PokemonTests */,
				F3D0B1752A825AF000367E5C /* Eval-iOS-PokemonUITests */,
				F3D0B1532A825AEE00367E5C /* Products */,
			);
			sourceTree = "<group>";
		};
		F3D0B1532A825AEE00367E5C /* Products */ = {
			isa = PBXGroup;
			children = (
				F3D0B1522A825AEE00367E5C /* Eval-iOS-Pokemon.app */,
				F3D0B1682A825AF000367E5C /* Eval-iOS-PokemonTests.xctest */,
				F3D0B1722A825AF000367E5C /* Eval-iOS-PokemonUITests.xctest */,
			);
			name = Products;
			sourceTree = "<group>";
		};
		F3D0B1542A825AEE00367E5C /* Eval-iOS-Pokemon */ = {
			isa = PBXGroup;
			children = (
				F3D0B1A32A825F9700367E5C /* Utils */,
				F3D0B19E2A825DF900367E5C /* BarControllers */,
				F3D0B1882A825CA500367E5C /* Models */,
				F3D0B1872A825C9C00367E5C /* Cells */,
				F3D0B1862A825C9400367E5C /* Storyboards */,
				F3D0B1852A825C8300367E5C /* ViewControllers */,
				F3D0B1552A825AEE00367E5C /* AppDelegate.swift */,
				F3D0B1572A825AEE00367E5C /* SceneDelegate.swift */,
				F3D0B1592A825AEE00367E5C /* ViewController.swift */,
				F3D0B15B2A825AEE00367E5C /* Main.storyboard */,
				F3D0B15E2A825AF000367E5C /* Assets.xcassets */,
				F3D0B1602A825AF000367E5C /* LaunchScreen.storyboard */,
				F3D0B1632A825AF000367E5C /* Info.plist */,
				F3D0B1B12A82871E00367E5C /* Localizable.strings */,
			);
			path = "Eval-iOS-Pokemon";
			sourceTree = "<group>";
		};
		F3D0B16B2A825AF000367E5C /* Eval-iOS-PokemonTests */ = {
			isa = PBXGroup;
			children = (
				F3D0B16C2A825AF000367E5C /* Eval_iOS_PokemonTests.swift */,
			);
			path = "Eval-iOS-PokemonTests";
			sourceTree = "<group>";
		};
		F3D0B1752A825AF000367E5C /* Eval-iOS-PokemonUITests */ = {
			isa = PBXGroup;
			children = (
				F3D0B1762A825AF000367E5C /* Eval_iOS_PokemonUITests.swift */,
				F3D0B1782A825AF000367E5C /* Eval_iOS_PokemonUITestsLaunchTests.swift */,
			);
			path = "Eval-iOS-PokemonUITests";
			sourceTree = "<group>";
		};
		F3D0B1852A825C8300367E5C /* ViewControllers */ = {
			isa = PBXGroup;
			children = (
				F3D0B1892A825CCC00367E5C /* LandPageViewController.swift */,
				F3D0B18C2A825CF300367E5C /* AuthPageViewController.swift */,
				F3D0B18E2A825D5400367E5C /* PokemonViewController.swift */,
				F3D0B1902A825D6200367E5C /* PickerViewController.swift */,
				F3D0B1922A825D6F00367E5C /* DetailViewController.swift */,
			);
			path = ViewControllers;
			sourceTree = "<group>";
		};
		F3D0B1862A825C9400367E5C /* Storyboards */ = {
			isa = PBXGroup;
			children = (
				F3D0B1942A825D9900367E5C /* TabBar.storyboard */,
				F3D0B1962A825DAC00367E5C /* Pokemon.storyboard */,
				F3D0B1982A825DB800367E5C /* Picker.storyboard */,
			);
			path = Storyboards;
			sourceTree = "<group>";
		};
		F3D0B1872A825C9C00367E5C /* Cells */ = {
			isa = PBXGroup;
			children = (
				F3D0B19A2A825DED00367E5C /* PokemonCell.swift */,
				F3D0B19B2A825DED00367E5C /* PokemonCell.xib */,
			);
			path = Cells;
			sourceTree = "<group>";
		};
		F3D0B1882A825CA500367E5C /* Models */ = {
			isa = PBXGroup;
			children = (
				F3D0B1A72A82678A00367E5C /* Struct.swift */,
			);
			path = Models;
			sourceTree = "<group>";
		};
		F3D0B19E2A825DF900367E5C /* BarControllers */ = {
			isa = PBXGroup;
			children = (
				F3D0B19F2A825E5D00367E5C /* TabBarController.swift */,
				F3D0B1A12A825EB400367E5C /* NavigationController.swift */,
			);
			path = BarControllers;
			sourceTree = "<group>";
		};
		F3D0B1A32A825F9700367E5C /* Utils */ = {
			isa = PBXGroup;
			children = (
				F3D0B1A42A825F9E00367E5C /* Extensions */,
			);
			path = Utils;
			sourceTree = "<group>";
		};
		F3D0B1A42A825F9E00367E5C /* Extensions */ = {
			isa = PBXGroup;
			children = (
				F3D0B1A52A825FAF00367E5C /* UIColor.swift */,
			);
			path = Extensions;
			sourceTree = "<group>";
		};
/* End PBXGroup section */

/* Begin PBXNativeTarget section */
		F3D0B1512A825AEE00367E5C /* Eval-iOS-Pokemon */ = {
			isa = PBXNativeTarget;
			buildConfigurationList = F3D0B17C2A825AF000367E5C /* Build configuration list for PBXNativeTarget "Eval-iOS-Pokemon" */;
			buildPhases = (
				F3D0B14E2A825AEE00367E5C /* Sources */,
				F3D0B14F2A825AEE00367E5C /* Frameworks */,
				F3D0B1502A825AEE00367E5C /* Resources */,
			);
			buildRules = (
			);
			dependencies = (
			);
			name = "Eval-iOS-Pokemon";
			productName = "Eval-iOS-Pokemon";
			productReference = F3D0B1522A825AEE00367E5C /* Eval-iOS-Pokemon.app */;
			productType = "com.apple.product-type.application";
		};
		F3D0B1672A825AF000367E5C /* Eval-iOS-PokemonTests */ = {
			isa = PBXNativeTarget;
			buildConfigurationList = F3D0B17F2A825AF000367E5C /* Build configuration list for PBXNativeTarget "Eval-iOS-PokemonTests" */;
			buildPhases = (
				F3D0B1642A825AF000367E5C /* Sources */,
				F3D0B1652A825AF000367E5C /* Frameworks */,
				F3D0B1662A825AF000367E5C /* Resources */,
			);
			buildRules = (
			);
			dependencies = (
				F3D0B16A2A825AF000367E5C /* PBXTargetDependency */,
			);
			name = "Eval-iOS-PokemonTests";
			productName = "Eval-iOS-PokemonTests";
			productReference = F3D0B1682A825AF000367E5C /* Eval-iOS-PokemonTests.xctest */;
			productType = "com.apple.product-type.bundle.unit-test";
		};
		F3D0B1712A825AF000367E5C /* Eval-iOS-PokemonUITests */ = {
			isa = PBXNativeTarget;
			buildConfigurationList = F3D0B1822A825AF000367E5C /* Build configuration list for PBXNativeTarget "Eval-iOS-PokemonUITests" */;
			buildPhases = (
				F3D0B16E2A825AF000367E5C /* Sources */,
				F3D0B16F2A825AF000367E5C /* Frameworks */,
				F3D0B1702A825AF000367E5C /* Resources */,
			);
			buildRules = (
			);
			dependencies = (
				F3D0B1742A825AF000367E5C /* PBXTargetDependency */,
			);
			name = "Eval-iOS-PokemonUITests";
			productName = "Eval-iOS-PokemonUITests";
			productReference = F3D0B1722A825AF000367E5C /* Eval-iOS-PokemonUITests.xctest */;
			productType = "com.apple.product-type.bundle.ui-testing";
		};
/* End PBXNativeTarget section */

/* Begin PBXProject section */
		F3D0B14A2A825AEE00367E5C /* Project object */ = {
			isa = PBXProject;
			attributes = {
				BuildIndependentTargetsInParallel = 1;
				LastSwiftUpdateCheck = 1430;
				LastUpgradeCheck = 1430;
				TargetAttributes = {
					F3D0B1512A825AEE00367E5C = {
						CreatedOnToolsVersion = 14.3;
					};
					F3D0B1672A825AF000367E5C = {
						CreatedOnToolsVersion = 14.3;
						TestTargetID = F3D0B1512A825AEE00367E5C;
					};
					F3D0B1712A825AF000367E5C = {
						CreatedOnToolsVersion = 14.3;
						TestTargetID = F3D0B1512A825AEE00367E5C;
					};
				};
			};
			buildConfigurationList = F3D0B14D2A825AEE00367E5C /* Build configuration list for PBXProject "Eval-iOS-Pokemon" */;
			compatibilityVersion = "Xcode 14.0";
			developmentRegion = en;
			hasScannedForEncodings = 0;
			knownRegions = (
				en,
				Base,
				fr,
			);
			mainGroup = F3D0B1492A825AEE00367E5C;
			productRefGroup = F3D0B1532A825AEE00367E5C /* Products */;
			projectDirPath = "";
			projectRoot = "";
			targets = (
				F3D0B1512A825AEE00367E5C /* Eval-iOS-Pokemon */,
				F3D0B1672A825AF000367E5C /* Eval-iOS-PokemonTests */,
				F3D0B1712A825AF000367E5C /* Eval-iOS-PokemonUITests */,
			);
		};
/* End PBXProject section */

/* Begin PBXResourcesBuildPhase section */
		F3D0B1502A825AEE00367E5C /* Resources */ = {
			isa = PBXResourcesBuildPhase;
			buildActionMask = 2147483647;
			files = (
				F3D0B1972A825DAC00367E5C /* Pokemon.storyboard in Resources */,
				F3D0B1952A825D9900367E5C /* TabBar.storyboard in Resources */,
				F3D0B19D2A825DED00367E5C /* PokemonCell.xib in Resources */,
				F3D0B1992A825DB800367E5C /* Picker.storyboard in Resources */,
				F3D0B1622A825AF000367E5C /* LaunchScreen.storyboard in Resources */,
				F3D0B1AF2A82871E00367E5C /* Localizable.strings in Resources */,
				F3D0B15F2A825AF000367E5C /* Assets.xcassets in Resources */,
				F3D0B15D2A825AEE00367E5C /* Main.storyboard in Resources */,
			);
			runOnlyForDeploymentPostprocessing = 0;
		};
		F3D0B1662A825AF000367E5C /* Resources */ = {
			isa = PBXResourcesBuildPhase;
			buildActionMask = 2147483647;
			files = (
			);
			runOnlyForDeploymentPostprocessing = 0;
		};
		F3D0B1702A825AF000367E5C /* Resources */ = {
			isa = PBXResourcesBuildPhase;
			buildActionMask = 2147483647;
			files = (
			);
			runOnlyForDeploymentPostprocessing = 0;
		};
/* End PBXResourcesBuildPhase section */

/* Begin PBXSourcesBuildPhase section */
		F3D0B14E2A825AEE00367E5C /* Sources */ = {
			isa = PBXSourcesBuildPhase;
			buildActionMask = 2147483647;
			files = (
				F3D0B1A22A825EB400367E5C /* NavigationController.swift in Sources */,
				F3D0B1A62A825FAF00367E5C /* UIColor.swift in Sources */,
				F3D0B15A2A825AEE00367E5C /* ViewController.swift in Sources */,
				F3D0B1562A825AEE00367E5C /* AppDelegate.swift in Sources */,
				F3D0B1A82A82678A00367E5C /* Struct.swift in Sources */,
				F3D0B18F2A825D5400367E5C /* PokemonViewController.swift in Sources */,
				F3D0B1A02A825E5D00367E5C /* TabBarController.swift in Sources */,
				F3D0B18A2A825CCC00367E5C /* LandPageViewController.swift in Sources */,
				F3D0B18D2A825CF300367E5C /* AuthPageViewController.swift in Sources */,
				F3D0B1912A825D6200367E5C /* PickerViewController.swift in Sources */,
				F3D0B1582A825AEE00367E5C /* SceneDelegate.swift in Sources */,
				F3D0B1932A825D6F00367E5C /* DetailViewController.swift in Sources */,
				F3D0B19C2A825DED00367E5C /* PokemonCell.swift in Sources */,
			);
			runOnlyForDeploymentPostprocessing = 0;
		};
		F3D0B1642A825AF000367E5C /* Sources */ = {
			isa = PBXSourcesBuildPhase;
			buildActionMask = 2147483647;
			files = (
				F3D0B16D2A825AF000367E5C /* Eval_iOS_PokemonTests.swift in Sources */,
			);
			runOnlyForDeploymentPostprocessing = 0;
		};
		F3D0B16E2A825AF000367E5C /* Sources */ = {
			isa = PBXSourcesBuildPhase;
			buildActionMask = 2147483647;
			files = (
				F3D0B1792A825AF000367E5C /* Eval_iOS_PokemonUITestsLaunchTests.swift in Sources */,
				F3D0B1772A825AF000367E5C /* Eval_iOS_PokemonUITests.swift in Sources */,
			);
			runOnlyForDeploymentPostprocessing = 0;
		};
/* End PBXSourcesBuildPhase section */

/* Begin PBXTargetDependency section */
		F3D0B16A2A825AF000367E5C /* PBXTargetDependency */ = {
			isa = PBXTargetDependency;
			target = F3D0B1512A825AEE00367E5C /* Eval-iOS-Pokemon */;
			targetProxy = F3D0B1692A825AF000367E5C /* PBXContainerItemProxy */;
		};
		F3D0B1742A825AF000367E5C /* PBXTargetDependency */ = {
			isa = PBXTargetDependency;
			target = F3D0B1512A825AEE00367E5C /* Eval-iOS-Pokemon */;
			targetProxy = F3D0B1732A825AF000367E5C /* PBXContainerItemProxy */;
		};
/* End PBXTargetDependency section */

/* Begin PBXVariantGroup section */
		F3D0B15B2A825AEE00367E5C /* Main.storyboard */ = {
			isa = PBXVariantGroup;
			children = (
				F3D0B15C2A825AEE00367E5C /* Base */,
			);
			name = Main.storyboard;
			sourceTree = "<group>";
		};
		F3D0B1602A825AF000367E5C /* LaunchScreen.storyboard */ = {
			isa = PBXVariantGroup;
			children = (
				F3D0B1612A825AF000367E5C /* Base */,
			);
			name = LaunchScreen.storyboard;
			sourceTree = "<group>";
		};
		F3D0B1B12A82871E00367E5C /* Localizable.strings */ = {
			isa = PBXVariantGroup;
			children = (
				F3D0B1B02A82871E00367E5C /* en */,
				F3D0B1B22A82874900367E5C /* fr */,
			);
			name = Localizable.strings;
			sourceTree = "<group>";
		};
/* End PBXVariantGroup section */

/* Begin XCBuildConfiguration section */
		F3D0B17A2A825AF000367E5C /* Debug */ = {
			isa = XCBuildConfiguration;
			buildSettings = {
				ALWAYS_SEARCH_USER_PATHS = NO;
				CLANG_ANALYZER_LOCALIZABILITY_NONLOCALIZED = YES;
				CLANG_ANALYZER_NONNULL = YES;
				CLANG_ANALYZER_NUMBER_OBJECT_CONVERSION = YES_AGGRESSIVE;
				CLANG_CXX_LANGUAGE_STANDARD = "gnu++20";
				CLANG_ENABLE_MODULES = YES;
				CLANG_ENABLE_OBJC_ARC = YES;
				CLANG_ENABLE_OBJC_WEAK = YES;
				CLANG_WARN_BLOCK_CAPTURE_AUTORELEASING = YES;
				CLANG_WARN_BOOL_CONVERSION = YES;
				CLANG_WARN_COMMA = YES;
				CLANG_WARN_CONSTANT_CONVERSION = YES;
				CLANG_WARN_DEPRECATED_OBJC_IMPLEMENTATIONS = YES;
				CLANG_WARN_DIRECT_OBJC_ISA_USAGE = YES_ERROR;
				CLANG_WARN_DOCUMENTATION_COMMENTS = YES;
				CLANG_WARN_EMPTY_BODY = YES;
				CLANG_WARN_ENUM_CONVERSION = YES;
				CLANG_WARN_INFINITE_RECURSION = YES;
				CLANG_WARN_INT_CONVERSION = YES;
				CLANG_WARN_NON_LITERAL_NULL_CONVERSION = YES;
				CLANG_WARN_OBJC_IMPLICIT_RETAIN_SELF = YES;
				CLANG_WARN_OBJC_LITERAL_CONVERSION = YES;
				CLANG_WARN_OBJC_ROOT_CLASS = YES_ERROR;
				CLANG_WARN_QUOTED_INCLUDE_IN_FRAMEWORK_HEADER = YES;
				CLANG_WARN_RANGE_LOOP_ANALYSIS = YES;
				CLANG_WARN_STRICT_PROTOTYPES = YES;
				CLANG_WARN_SUSPICIOUS_MOVE = YES;
				CLANG_WARN_UNGUARDED_AVAILABILITY = YES_AGGRESSIVE;
				CLANG_WARN_UNREACHABLE_CODE = YES;
				CLANG_WARN__DUPLICATE_METHOD_MATCH = YES;
				COPY_PHASE_STRIP = NO;
				DEBUG_INFORMATION_FORMAT = dwarf;
				ENABLE_STRICT_OBJC_MSGSEND = YES;
				ENABLE_TESTABILITY = YES;
				GCC_C_LANGUAGE_STANDARD = gnu11;
				GCC_DYNAMIC_NO_PIC = NO;
				GCC_NO_COMMON_BLOCKS = YES;
				GCC_OPTIMIZATION_LEVEL = 0;
				GCC_PREPROCESSOR_DEFINITIONS = (
					"DEBUG=1",
					"$(inherited)",
				);
				GCC_WARN_64_TO_32_BIT_CONVERSION = YES;
				GCC_WARN_ABOUT_RETURN_TYPE = YES_ERROR;
				GCC_WARN_UNDECLARED_SELECTOR = YES;
				GCC_WARN_UNINITIALIZED_AUTOS = YES_AGGRESSIVE;
				GCC_WARN_UNUSED_FUNCTION = YES;
				GCC_WARN_UNUSED_VARIABLE = YES;
				IPHONEOS_DEPLOYMENT_TARGET = 16.4;
				MTL_ENABLE_DEBUG_INFO = INCLUDE_SOURCE;
				MTL_FAST_MATH = YES;
				ONLY_ACTIVE_ARCH = YES;
				SDKROOT = iphoneos;
				SWIFT_ACTIVE_COMPILATION_CONDITIONS = DEBUG;
				SWIFT_OPTIMIZATION_LEVEL = "-Onone";
			};
			name = Debug;
		};
		F3D0B17B2A825AF000367E5C /* Release */ = {
			isa = XCBuildConfiguration;
			buildSettings = {
				ALWAYS_SEARCH_USER_PATHS = NO;
				CLANG_ANALYZER_LOCALIZABILITY_NONLOCALIZED = YES;
				CLANG_ANALYZER_NONNULL = YES;
				CLANG_ANALYZER_NUMBER_OBJECT_CONVERSION = YES_AGGRESSIVE;
				CLANG_CXX_LANGUAGE_STANDARD = "gnu++20";
				CLANG_ENABLE_MODULES = YES;
				CLANG_ENABLE_OBJC_ARC = YES;
				CLANG_ENABLE_OBJC_WEAK = YES;
				CLANG_WARN_BLOCK_CAPTURE_AUTORELEASING = YES;
				CLANG_WARN_BOOL_CONVERSION = YES;
				CLANG_WARN_COMMA = YES;
				CLANG_WARN_CONSTANT_CONVERSION = YES;
				CLANG_WARN_DEPRECATED_OBJC_IMPLEMENTATIONS = YES;
				CLANG_WARN_DIRECT_OBJC_ISA_USAGE = YES_ERROR;
				CLANG_WARN_DOCUMENTATION_COMMENTS = YES;
				CLANG_WARN_EMPTY_BODY = YES;
				CLANG_WARN_ENUM_CONVERSION = YES;
				CLANG_WARN_INFINITE_RECURSION = YES;
				CLANG_WARN_INT_CONVERSION = YES;
				CLANG_WARN_NON_LITERAL_NULL_CONVERSION = YES;
				CLANG_WARN_OBJC_IMPLICIT_RETAIN_SELF = YES;
				CLANG_WARN_OBJC_LITERAL_CONVERSION = YES;
				CLANG_WARN_OBJC_ROOT_CLASS = YES_ERROR;
				CLANG_WARN_QUOTED_INCLUDE_IN_FRAMEWORK_HEADER = YES;
				CLANG_WARN_RANGE_LOOP_ANALYSIS = YES;
				CLANG_WARN_STRICT_PROTOTYPES = YES;
				CLANG_WARN_SUSPICIOUS_MOVE = YES;
				CLANG_WARN_UNGUARDED_AVAILABILITY = YES_AGGRESSIVE;
				CLANG_WARN_UNREACHABLE_CODE = YES;
				CLANG_WARN__DUPLICATE_METHOD_MATCH = YES;
				COPY_PHASE_STRIP = NO;
				DEBUG_INFORMATION_FORMAT = "dwarf-with-dsym";
				ENABLE_NS_ASSERTIONS = NO;
				ENABLE_STRICT_OBJC_MSGSEND = YES;
				GCC_C_LANGUAGE_STANDARD = gnu11;
				GCC_NO_COMMON_BLOCKS = YES;
				GCC_WARN_64_TO_32_BIT_CONVERSION = YES;
				GCC_WARN_ABOUT_RETURN_TYPE = YES_ERROR;
				GCC_WARN_UNDECLARED_SELECTOR = YES;
				GCC_WARN_UNINITIALIZED_AUTOS = YES_AGGRESSIVE;
				GCC_WARN_UNUSED_FUNCTION = YES;
				GCC_WARN_UNUSED_VARIABLE = YES;
				IPHONEOS_DEPLOYMENT_TARGET = 16.4;
				MTL_ENABLE_DEBUG_INFO = NO;
				MTL_FAST_MATH = YES;
				SDKROOT = iphoneos;
				SWIFT_COMPILATION_MODE = wholemodule;
				SWIFT_OPTIMIZATION_LEVEL = "-O";
				VALIDATE_PRODUCT = YES;
			};
			name = Release;
		};
		F3D0B17D2A825AF000367E5C /* Debug */ = {
			isa = XCBuildConfiguration;
			buildSettings = {
				ASSETCATALOG_COMPILER_APPICON_NAME = AppIcon;
				ASSETCATALOG_COMPILER_GLOBAL_ACCENT_COLOR_NAME = AccentColor;
				CODE_SIGN_STYLE = Automatic;
				CURRENT_PROJECT_VERSION = 1;
				GENERATE_INFOPLIST_FILE = YES;
				INFOPLIST_FILE = "Eval-iOS-Pokemon/Info.plist";
				INFOPLIST_KEY_UIApplicationSupportsIndirectInputEvents = YES;
				INFOPLIST_KEY_UILaunchStoryboardName = LaunchScreen;
				INFOPLIST_KEY_UIMainStoryboardFile = Main;
				INFOPLIST_KEY_UISupportedInterfaceOrientations_iPad = "UIInterfaceOrientationPortrait UIInterfaceOrientationPortraitUpsideDown UIInterfaceOrientationLandscapeLeft UIInterfaceOrientationLandscapeRight";
				INFOPLIST_KEY_UISupportedInterfaceOrientations_iPhone = "UIInterfaceOrientationPortrait UIInterfaceOrientationLandscapeLeft UIInterfaceOrientationLandscapeRight";
				LD_RUNPATH_SEARCH_PATHS = (
					"$(inherited)",
					"@executable_path/Frameworks",
				);
				MARKETING_VERSION = 1.0;
				PRODUCT_BUNDLE_IDENTIFIER = "be.mirodeon.Eval-iOS-Pokemon";
				PRODUCT_NAME = "$(TARGET_NAME)";
				SWIFT_EMIT_LOC_STRINGS = YES;
				SWIFT_VERSION = 5.0;
				TARGETED_DEVICE_FAMILY = "1,2";
			};
			name = Debug;
		};
		F3D0B17E2A825AF000367E5C /* Release */ = {
			isa = XCBuildConfiguration;
			buildSettings = {
				ASSETCATALOG_COMPILER_APPICON_NAME = AppIcon;
				ASSETCATALOG_COMPILER_GLOBAL_ACCENT_COLOR_NAME = AccentColor;
				CODE_SIGN_STYLE = Automatic;
				CURRENT_PROJECT_VERSION = 1;
				GENERATE_INFOPLIST_FILE = YES;
				INFOPLIST_FILE = "Eval-iOS-Pokemon/Info.plist";
				INFOPLIST_KEY_UIApplicationSupportsIndirectInputEvents = YES;
				INFOPLIST_KEY_UILaunchStoryboardName = LaunchScreen;
				INFOPLIST_KEY_UIMainStoryboardFile = Main;
				INFOPLIST_KEY_UISupportedInterfaceOrientations_iPad = "UIInterfaceOrientationPortrait UIInterfaceOrientationPortraitUpsideDown UIInterfaceOrientationLandscapeLeft UIInterfaceOrientationLandscapeRight";
				INFOPLIST_KEY_UISupportedInterfaceOrientations_iPhone = "UIInterfaceOrientationPortrait UIInterfaceOrientationLandscapeLeft UIInterfaceOrientationLandscapeRight";
				LD_RUNPATH_SEARCH_PATHS = (
					"$(inherited)",
					"@executable_path/Frameworks",
				);
				MARKETING_VERSION = 1.0;
				PRODUCT_BUNDLE_IDENTIFIER = "be.mirodeon.Eval-iOS-Pokemon";
				PRODUCT_NAME = "$(TARGET_NAME)";
				SWIFT_EMIT_LOC_STRINGS = YES;
				SWIFT_VERSION = 5.0;
				TARGETED_DEVICE_FAMILY = "1,2";
			};
			name = Release;
		};
		F3D0B1802A825AF000367E5C /* Debug */ = {
			isa = XCBuildConfiguration;
			buildSettings = {
				ALWAYS_EMBED_SWIFT_STANDARD_LIBRARIES = YES;
				BUNDLE_LOADER = "$(TEST_HOST)";
				CODE_SIGN_STYLE = Automatic;
				CURRENT_PROJECT_VERSION = 1;
				GENERATE_INFOPLIST_FILE = YES;
				IPHONEOS_DEPLOYMENT_TARGET = 16.4;
				MARKETING_VERSION = 1.0;
				PRODUCT_BUNDLE_IDENTIFIER = "be.mirodeon.Eval-iOS-PokemonTests";
				PRODUCT_NAME = "$(TARGET_NAME)";
				SWIFT_EMIT_LOC_STRINGS = NO;
				SWIFT_VERSION = 5.0;
				TARGETED_DEVICE_FAMILY = "1,2";
				TEST_HOST = "$(BUILT_PRODUCTS_DIR)/Eval-iOS-Pokemon.app/$(BUNDLE_EXECUTABLE_FOLDER_PATH)/Eval-iOS-Pokemon";
			};
			name = Debug;
		};
		F3D0B1812A825AF000367E5C /* Release */ = {
			isa = XCBuildConfiguration;
			buildSettings = {
				ALWAYS_EMBED_SWIFT_STANDARD_LIBRARIES = YES;
				BUNDLE_LOADER = "$(TEST_HOST)";
				CODE_SIGN_STYLE = Automatic;
				CURRENT_PROJECT_VERSION = 1;
				GENERATE_INFOPLIST_FILE = YES;
				IPHONEOS_DEPLOYMENT_TARGET = 16.4;
				MARKETING_VERSION = 1.0;
				PRODUCT_BUNDLE_IDENTIFIER = "be.mirodeon.Eval-iOS-PokemonTests";
				PRODUCT_NAME = "$(TARGET_NAME)";
				SWIFT_EMIT_LOC_STRINGS = NO;
				SWIFT_VERSION = 5.0;
				TARGETED_DEVICE_FAMILY = "1,2";
				TEST_HOST = "$(BUILT_PRODUCTS_DIR)/Eval-iOS-Pokemon.app/$(BUNDLE_EXECUTABLE_FOLDER_PATH)/Eval-iOS-Pokemon";
			};
			name = Release;
		};
		F3D0B1832A825AF000367E5C /* Debug */ = {
			isa = XCBuildConfiguration;
			buildSettings = {
				ALWAYS_EMBED_SWIFT_STANDARD_LIBRARIES = YES;
				CODE_SIGN_STYLE = Automatic;
				CURRENT_PROJECT_VERSION = 1;
				GENERATE_INFOPLIST_FILE = YES;
				MARKETING_VERSION = 1.0;
				PRODUCT_BUNDLE_IDENTIFIER = "be.mirodeon.Eval-iOS-PokemonUITests";
				PRODUCT_NAME = "$(TARGET_NAME)";
				SWIFT_EMIT_LOC_STRINGS = NO;
				SWIFT_VERSION = 5.0;
				TARGETED_DEVICE_FAMILY = "1,2";
				TEST_TARGET_NAME = "Eval-iOS-Pokemon";
			};
			name = Debug;
		};
		F3D0B1842A825AF000367E5C /* Release */ = {
			isa = XCBuildConfiguration;
			buildSettings = {
				ALWAYS_EMBED_SWIFT_STANDARD_LIBRARIES = YES;
				CODE_SIGN_STYLE = Automatic;
				CURRENT_PROJECT_VERSION = 1;
				GENERATE_INFOPLIST_FILE = YES;
				MARKETING_VERSION = 1.0;
				PRODUCT_BUNDLE_IDENTIFIER = "be.mirodeon.Eval-iOS-PokemonUITests";
				PRODUCT_NAME = "$(TARGET_NAME)";
				SWIFT_EMIT_LOC_STRINGS = NO;
				SWIFT_VERSION = 5.0;
				TARGETED_DEVICE_FAMILY = "1,2";
				TEST_TARGET_NAME = "Eval-iOS-Pokemon";
			};
			name = Release;
		};
/* End XCBuildConfiguration section */

/* Begin XCConfigurationList section */
		F3D0B14D2A825AEE00367E5C /* Build configuration list for PBXProject "Eval-iOS-Pokemon" */ = {
			isa = XCConfigurationList;
			buildConfigurations = (
				F3D0B17A2A825AF000367E5C /* Debug */,
				F3D0B17B2A825AF000367E5C /* Release */,
			);
			defaultConfigurationIsVisible = 0;
			defaultConfigurationName = Release;
		};
		F3D0B17C2A825AF000367E5C /* Build configuration list for PBXNativeTarget "Eval-iOS-Pokemon" */ = {
			isa = XCConfigurationList;
			buildConfigurations = (
				F3D0B17D2A825AF000367E5C /* Debug */,
				F3D0B17E2A825AF000367E5C /* Release */,
			);
			defaultConfigurationIsVisible = 0;
			defaultConfigurationName = Release;
		};
		F3D0B17F2A825AF000367E5C /* Build configuration list for PBXNativeTarget "Eval-iOS-PokemonTests" */ = {
			isa = XCConfigurationList;
			buildConfigurations = (
				F3D0B1802A825AF000367E5C /* Debug */,
				F3D0B1812A825AF000367E5C /* Release */,
			);
			defaultConfigurationIsVisible = 0;
			defaultConfigurationName = Release;
		};
		F3D0B1822A825AF000367E5C /* Build configuration list for PBXNativeTarget "Eval-iOS-PokemonUITests" */ = {
			isa = XCConfigurationList;
			buildConfigurations = (
				F3D0B1832A825AF000367E5C /* Debug */,
				F3D0B1842A825AF000367E5C /* Release */,
			);
			defaultConfigurationIsVisible = 0;
			defaultConfigurationName = Release;
		};
/* End XCConfigurationList section */
	};
	rootObject = F3D0B14A2A825AEE00367E5C /* Project object */;
}
